# This file is autogenerated, do not edit; changes may be undone by the next 'dep ensure'.


[[projects]]
  branch = "master"
  name = "github.com/ChristopherRabotin/gokalman"
  packages = ["."]
  revision = "81e76c1acac54dbfc1b0876cccf16c6c1db717c3"

[[projects]]
  name = "github.com/ChristopherRabotin/ode"
  packages = ["."]
  revision = "0502445546ad325c1ac023ab1f253b90a012c023"
  version = "1.0.0"

[[projects]]
  name = "github.com/fsnotify/fsnotify"
  packages = ["."]
  revision = "c2828203cd70a50dcccfb2761f8b1f8ceef9a8e9"
  version = "v1.4.7"

[[projects]]
  name = "github.com/go-kit/kit"
  packages = ["log"]
  revision = "4dc7be5d2d12881735283bcab7352178e190fc71"
  version = "v0.6.0"

[[projects]]
  name = "github.com/go-logfmt/logfmt"
  packages = ["."]
  revision = "390ab7935ee28ec6b286364bba9b4dd6410cb3d5"
  version = "v0.3.0"

[[projects]]
  name = "github.com/go-stack/stack"
  packages = ["."]
  revision = "259ab82a6cad3992b4e21ff5cac294ccb06474bc"
  version = "v1.7.0"

[[projects]]
  branch = "master"
  name = "github.com/gonum/blas"
  packages = [
    ".",
    "blas64",
    "native",
    "native/internal/math32"
  ]
  revision = "37e82626499e1df7c54aeaba0959fd6e7e8dc1e4"

[[projects]]
  branch = "master"
  name = "github.com/gonum/floats"
  packages = ["."]
  revision = "f74b330d45c56584a6ea7a27f5c64ea2900631e9"

[[projects]]
  branch = "master"
  name = "github.com/gonum/internal"
  packages = [
    "asm/f32",
    "asm/f64"
  ]
  revision = "e57e4534cf9b3b00ef6c0175f59d8d2d34f60914"

[[projects]]
  branch = "master"
  name = "github.com/gonum/lapack"
  packages = [
    ".",
    "lapack64",
    "native"
  ]
  revision = "5ed4b826becd1807e09377508f51756586d1a98c"

[[projects]]
  branch = "master"
  name = "github.com/gonum/mathext"
  packages = [
    ".",
    "internal/amos",
    "internal/cephes",
    "internal/gonum"
  ]
  revision = "0b9a913d27c42216782103ce3773136730e1535f"

[[projects]]
  branch = "master"
  name = "github.com/gonum/matrix"
  packages = [
    ".",
    "mat64"
  ]
  revision = "dd6034299e4242c9f0ea36735e6d4264dfcb3f9f"

[[projects]]
  branch = "master"
  name = "github.com/gonum/stat"
  packages = [
    ".",
    "distmv",
    "distuv"
  ]
  revision = "40602ac931a7ab7f72cb1eff5ce1753a2d28d345"

[[projects]]
  branch = "master"
  name = "github.com/hashicorp/hcl"
  packages = [
    ".",
    "hcl/ast",
    "hcl/parser",
    "hcl/scanner",
    "hcl/strconv",
    "hcl/token",
    "json/parser",
    "json/scanner",
    "json/token"
  ]
  revision = "23c074d0eceb2b8a5bfdbb271ab780cde70f05a8"

[[projects]]
  branch = "master"
  name = "github.com/kr/logfmt"
  packages = ["."]
  revision = "b84e30acd515aadc4b783ad4ff83aff3299bdfe0"

[[projects]]
  name = "github.com/magiconair/properties"
  packages = ["."]
  revision = "d419a98cdbed11a922bf76f257b7c4be79b50e73"
  version = "v1.7.4"

[[projects]]
  branch = "master"
  name = "github.com/mitchellh/mapstructure"
  packages = ["."]
  revision = "b4575eea38cca1123ec2dc90c26529b5c5acfcff"

[[projects]]
  name = "github.com/pelletier/go-toml"
  packages = ["."]
  revision = "16398bac157da96aa88f98a2df640c7f32af1da2"
  version = "v1.0.1"

[[projects]]
  name = "github.com/soniakeys/meeus"
  packages = [
    "base",
    "coord",
    "elementequinox",
    "globe",
    "julian",
    "nutation",
    "planetposition",
    "precess"
  ]
  revision = "88f3dacec0d0da7235c1f79ee15b2e30d1170e33"
  version = "v1"

[[projects]]
  name = "github.com/spf13/afero"
  packages = [
    ".",
    "mem"
  ]
  revision = "bb8f1927f2a9d3ab41c9340aa034f6b803f4359c"
  version = "v1.0.2"

[[projects]]
  name = "github.com/spf13/cast"
  packages = ["."]
  revision = "acbeb36b902d72a7a4c18e8f3241075e7ab763e4"
  version = "v1.1.0"

[[projects]]
  branch = "master"
  name = "github.com/spf13/jwalterweatherman"
  packages = ["."]
  revision = "7c0cea34c8ece3fbeb2b27ab9b59511d360fb394"

[[projects]]
  name = "github.com/spf13/pflag"
  packages = ["."]
  revision = "e57e3eeb33f795204c1ca35f56c44f83227c6e66"
  version = "v1.0.0"

[[projects]]
  name = "github.com/spf13/viper"
  packages = ["."]
  revision = "25b30aa063fc18e48662b86996252eabdcf2f0c7"
  version = "v1.0.0"

[[projects]]
  branch = "master"
  name = "golang.org/x/sys"
  packages = ["unix"]
  revision = "fff93fa7cd278d84afc205751523809c464168ab"

[[projects]]
  branch = "master"
  name = "golang.org/x/text"
  packages = [
    "internal/gen",
    "internal/triegen",
    "internal/ucd",
    "transform",
    "unicode/cldr",
    "unicode/norm"
  ]
  revision = "e19ae1496984b1c655b8044a65c0300a3c878dd3"

[[projects]]
  branch = "master"
  name = "golang.org/x/tools"
  packages = ["container/intsets"]
  revision = "8ea45f96742f825c49e900f42a01928554b5a6a0"

[[projects]]
  branch = "v2"
  name = "gopkg.in/yaml.v2"
  packages = ["."]
  revision = "d670f9405373e636a5a2765eea47fac0c9bc91a4"

[solve-meta]
  analyzer-name = "dep"
  analyzer-version = 1
  inputs-digest = "0fe1d49408cafec998d7f71511c98d5b5ad997f64c8a40f28099d6c118a4afb4"
  solver-name = "gps-cdcl"
  solver-version = 1
